Microsoft Visual Studio Solution File, Format Version 12.00
# Visual Studio Version 17
VisualStudioVersion = 17.0.31903.59
MinimumVisualStudioVersion = 10.0.40219.1
Project("{9A19103F-16F7-4668-BE54-9A1E7A4F7556}") = "AndreyTalanin0x00.YieldHelpers", "AndreyTalanin0x00.YieldHelpers\AndreyTalanin0x00.YieldHelpers.csproj", "{B29D8B8C-E6FE-497F-8B8D-4BF647EEAA1E}"
EndProject
Project("{9A19103F-16F7-4668-BE54-9A1E7A4F7556}") = "AndreyTalanin0x00.YieldHelpers.UnitTests", "Tests\AndreyTalanin0x00.YieldHelpers.UnitTests\AndreyTalanin0x00.YieldHelpers.UnitTests.csproj", "{14ADA6EB-FCC2-4FE9-9721-308AE9ADE623}"
EndProject
Global
	GlobalSection(SolutionConfigurationPlatforms) = preSolution
		Debug|Any CPU = Debug|Any CPU
		Release|Any CPU = Release|Any CPU
	EndGlobalSection
	GlobalSection(ProjectConfigurationPlatforms) = postSolution
		{B29D8B8C-E6FE-497F-8B8D-4BF647EEAA1E}.Debug|Any CPU.ActiveCfg = Debug|Any CPU
		{B29D8B8C-E6FE-497F-8B8D-4BF647EEAA1E}.Debug|Any CPU.Build.0 = Debug|Any CPU
		{B29D8B8C-E6FE-497F-8B8D-4BF647EEAA1E}.Release|Any CPU.ActiveCfg = Release|Any CPU
		{B29D8B8C-E6FE-497F-8B8D-4BF647EEAA1E}.Release|Any CPU.Build.0 = Release|Any CPU
		{14ADA6EB-FCC2-4FE9-9721-308AE9ADE623}.Debug|Any CPU.ActiveCfg = Debug|Any CPU
		{14ADA6EB-FCC2-4FE9-9721-308AE9ADE623}.Debug|Any CPU.Build.0 = Debug|Any CPU
		{14ADA6EB-FCC2-4FE9-9721-308AE9ADE623}.Release|Any CPU.ActiveCfg = Release|Any CPU
		{14ADA6EB-FCC2-4FE9-9721-308AE9ADE623}.Release|Any CPU.Build.0 = Release|Any CPU
	EndGlobalSection
	GlobalSection(SolutionProperties) = preSolution
		HideSolutionNode = FALSE
	EndGlobalSection
	GlobalSection(ExtensibilityGlobals) = postSolution
		SolutionGuid = {432FC2C5-CFEF-4A70-B8C6-C7EB71429770}
	EndGlobalSection
EndGlobal
